<?xml version="1.0" encoding="utf-8"?>
<Project ToolsVersion="15.0" xmlns="http://schemas.microsoft.com/developer/msbuild/2003">
  <ItemGroup>
    <CustomBuild Include="D:\Otus_allocator\.gitignore\CMakeFiles\ec800eb26e60089900d295b33c486d7b\INSTALL_force.rule">
      <Filter>CMake Rules</Filter>
    </CustomBuild>
  </ItemGroup>
  <ItemGroup>
    <Filter Include="CMake Rules">
      <UniqueIdentifier>{00FEC468-F99F-35EB-9C15-9FC88BAE5C37}</UniqueIdentifier>
    </Filter>
  </ItemGroup>
</Project>
